
Microsoft Visual Studio Solution File, Format Version 12.00
# Visual Studio Version 16
VisualStudioVersion = 16.0.29806.167
MinimumVisualStudioVersion = 10.0.40219.1
Project("{9A19103F-16F7-4668-BE54-9A1E7A4F7556}") = "ConsoleApp1", "ConsoleApp1\ConsoleApp1.csproj", "{7E419A9D-F2C9-44E6-B6FB-E65914009978}"
EndProject
Project("{9A19103F-16F7-4668-BE54-9A1E7A4F7556}") = "MyAirport.EF", "MyAirport.EF\MyAirport.EF.csproj", "{3B89A02A-3755-485F-836D-26D809B9B462}"
EndProject
Project("{9A19103F-16F7-4668-BE54-9A1E7A4F7556}") = "MyAirportWebApi", "MyAirportWebApi\MyAirportWebApi.csproj", "{DA90C305-1EE0-4A10-B794-F25737184CB3}"
EndProject
Project("{9A19103F-16F7-4668-BE54-9A1E7A4F7556}") = "MyAirportGraphQL", "MyAirportGraphQL\MyAirportGraphQL.csproj", "{52D783F0-EDFD-4D0F-855D-6F2AA7635798}"
EndProject
Project("{FAE04EC0-301F-11D3-BF4B-00C04F79EFBC}") = "MyAirportRazor", "MyAirportRazor\MyAirportRazor.csproj", "{87762282-E67C-4F73-B30B-A3EE4780AE02}"
EndProject
Global
	GlobalSection(SolutionConfigurationPlatforms) = preSolution
		Debug|Any CPU = Debug|Any CPU
		Release|Any CPU = Release|Any CPU
	EndGlobalSection
	GlobalSection(ProjectConfigurationPlatforms) = postSolution
		{7E419A9D-F2C9-44E6-B6FB-E65914009978}.Debug|Any CPU.ActiveCfg = Debug|Any CPU
		{7E419A9D-F2C9-44E6-B6FB-E65914009978}.Debug|Any CPU.Build.0 = Debug|Any CPU
		{7E419A9D-F2C9-44E6-B6FB-E65914009978}.Release|Any CPU.ActiveCfg = Release|Any CPU
		{7E419A9D-F2C9-44E6-B6FB-E65914009978}.Release|Any CPU.Build.0 = Release|Any CPU
		{3B89A02A-3755-485F-836D-26D809B9B462}.Debug|Any CPU.ActiveCfg = Debug|Any CPU
		{3B89A02A-3755-485F-836D-26D809B9B462}.Debug|Any CPU.Build.0 = Debug|Any CPU
		{3B89A02A-3755-485F-836D-26D809B9B462}.Release|Any CPU.ActiveCfg = Release|Any CPU
		{3B89A02A-3755-485F-836D-26D809B9B462}.Release|Any CPU.Build.0 = Release|Any CPU
		{DA90C305-1EE0-4A10-B794-F25737184CB3}.Debug|Any CPU.ActiveCfg = Debug|Any CPU
		{DA90C305-1EE0-4A10-B794-F25737184CB3}.Debug|Any CPU.Build.0 = Debug|Any CPU
		{DA90C305-1EE0-4A10-B794-F25737184CB3}.Release|Any CPU.ActiveCfg = Release|Any CPU
		{DA90C305-1EE0-4A10-B794-F25737184CB3}.Release|Any CPU.Build.0 = Release|Any CPU
		{52D783F0-EDFD-4D0F-855D-6F2AA7635798}.Debug|Any CPU.ActiveCfg = Debug|Any CPU
		{52D783F0-EDFD-4D0F-855D-6F2AA7635798}.Debug|Any CPU.Build.0 = Debug|Any CPU
		{52D783F0-EDFD-4D0F-855D-6F2AA7635798}.Release|Any CPU.ActiveCfg = Release|Any CPU
		{52D783F0-EDFD-4D0F-855D-6F2AA7635798}.Release|Any CPU.Build.0 = Release|Any CPU
		{87762282-E67C-4F73-B30B-A3EE4780AE02}.Debug|Any CPU.ActiveCfg = Debug|Any CPU
		{87762282-E67C-4F73-B30B-A3EE4780AE02}.Debug|Any CPU.Build.0 = Debug|Any CPU
		{87762282-E67C-4F73-B30B-A3EE4780AE02}.Release|Any CPU.ActiveCfg = Release|Any CPU
		{87762282-E67C-4F73-B30B-A3EE4780AE02}.Release|Any CPU.Build.0 = Release|Any CPU
	EndGlobalSection
	GlobalSection(SolutionProperties) = preSolution
		HideSolutionNode = FALSE
	EndGlobalSection
	GlobalSection(ExtensibilityGlobals) = postSolution
		SolutionGuid = {979A00B4-32E3-4C24-A57C-4E34049A5759}
	EndGlobalSection
EndGlobal
